<?xml version="1.0" encoding="utf-8"?>
<Project ToolsVersion="4.0" xmlns="http://schemas.microsoft.com/developer/msbuild/2003">
  <ItemGroup>
    <Filter Include="File di origine">
      <UniqueIdentifier>{4FC737F1-C7A5-4376-A066-2A32D752A2FF}</UniqueIdentifier>
      <Extensions>cpp;c;cc;cxx;c++;cppm;ixx;def;odl;idl;hpj;bat;asm;asmx</Extensions>
    </Filter>
    <Filter Include="File di intestazione">
      <UniqueIdentifier>{93995380-89BD-4b04-88EB-625FBE52EBFB}</UniqueIdentifier>
      <Extensions>h;hh;hpp;hxx;h++;hm;inl;inc;ipp;xsd</Extensions>
    </Filter>
    <Filter Include="File di risorse">
      <UniqueIdentifier>{67DA6AB6-F800-4c08-8B7A-83BB121AAD01}</UniqueIdentifier>
      <Extensions>rc;ico;cur;bmp;dlg;rc2;rct;bin;rgs;gif;jpg;jpeg;jpe;resx;tiff;tif;png;wav;mfcribbon-ms</Extensions>
    </Filter>
  </ItemGroup>
  <ItemGroup>
    <ClCompile Include="main.cpp">
      <Filter>File di origine</Filter>
    </ClCompile>
    <ClCompile Include="glad.c">
      <Filter>File di origine</Filter>
    </ClCompile>
    <ClCompile Include="image_loader.cpp">
      <Filter>File di origine</Filter>
    </ClCompile>
    <ClCompile Include="pk\AssetManager.cpp">
      <Filter>File di origine</Filter>
    </ClCompile>
    <ClCompile Include="pk\Common.cpp">
      <Filter>File di origine</Filter>
    </ClCompile>
    <ClCompile Include="pk\Emitter.cpp">
      <Filter>File di origine</Filter>
    </ClCompile>
    <ClCompile Include="pk\Font.cpp">
      <Filter>File di origine</Filter>
    </ClCompile>
    <ClCompile Include="pk\Renderer.cpp">
      <Filter>File di origine</Filter>
    </ClCompile>
    <ClCompile Include="pk\Shader.cpp">
      <Filter>File di origine</Filter>
    </ClCompile>
    <ClCompile Include="pk\SoundEngine.cpp">
      <Filter>File di origine</Filter>
    </ClCompile>
    <ClCompile Include="pk\Texture.cpp">
      <Filter>File di origine</Filter>
    </ClCompile>
    <ClCompile Include="pk\Window.cpp">
      <Filter>File di origine</Filter>
    </ClCompile>
    <ClCompile Include="pk\Actor.cpp">
      <Filter>File di origine</Filter>
    </ClCompile>
    <ClCompile Include="pk\Scene.cpp">
      <Filter>File di origine</Filter>
    </ClCompile>
    <ClCompile Include="Ship.cpp">
      <Filter>File di origine</Filter>
    </ClCompile>
    <ClCompile Include="Game.cpp">
      <Filter>File di origine</Filter>
    </ClCompile>
    <ClCompile Include="Projectile.cpp">
      <Filter>File di origine</Filter>
    </ClCompile>
    <ClCompile Include="pk\Settings.cpp">
      <Filter>File di origine</Filter>
    </ClCompile>
    <ClCompile Include="pk\SettingsReader.cpp">
      <Filter>File di origine</Filter>
    </ClCompile>
    <ClCompile Include="ProjectilePool.cpp">
      <Filter>File di origine</Filter>
    </ClCompile>
    <ClCompile Include="Alien.cpp">
      <Filter>File di origine</Filter>
    </ClCompile>
    <ClCompile Include="AlienGroup.cpp">
      <Filter>File di origine</Filter>
    </ClCompile>
    <ClCompile Include="pk\Random.cpp">
      <Filter>File di origine</Filter>
    </ClCompile>
  </ItemGroup>
  <ItemGroup>
    <ClInclude Include="pk\AssetManager.h">
      <Filter>File di intestazione</Filter>
    </ClInclude>
    <ClInclude Include="pk\Common.h">
      <Filter>File di intestazione</Filter>
    </ClInclude>
    <ClInclude Include="pk\Emitter.h">
      <Filter>File di intestazione</Filter>
    </ClInclude>
    <ClInclude Include="pk\Font.h">
      <Filter>File di intestazione</Filter>
    </ClInclude>
    <ClInclude Include="pk\Renderer.h">
      <Filter>File di intestazione</Filter>
    </ClInclude>
    <ClInclude Include="pk\Shader.h">
      <Filter>File di intestazione</Filter>
    </ClInclude>
    <ClInclude Include="pk\SoundEngine.h">
      <Filter>File di intestazione</Filter>
    </ClInclude>
    <ClInclude Include="pk\Texture.h">
      <Filter>File di intestazione</Filter>
    </ClInclude>
    <ClInclude Include="pk\Window.h">
      <Filter>File di intestazione</Filter>
    </ClInclude>
    <ClInclude Include="pk\Actor.h">
      <Filter>File di intestazione</Filter>
    </ClInclude>
    <ClInclude Include="pk\Scene.h">
      <Filter>File di intestazione</Filter>
    </ClInclude>
    <ClInclude Include="Assets.h">
      <Filter>File di intestazione</Filter>
    </ClInclude>
    <ClInclude Include="Ship.h">
      <Filter>File di intestazione</Filter>
    </ClInclude>
    <ClInclude Include="Game.h">
      <Filter>File di intestazione</Filter>
    </ClInclude>
    <ClInclude Include="Projectile.h">
      <Filter>File di intestazione</Filter>
    </ClInclude>
    <ClInclude Include="Types.h">
      <Filter>File di intestazione</Filter>
    </ClInclude>
    <ClInclude Include="pk\SettingsReader.h">
      <Filter>File di intestazione</Filter>
    </ClInclude>
    <ClInclude Include="pk\Settings.h">
      <Filter>File di intestazione</Filter>
    </ClInclude>
    <ClInclude Include="ProjectilePool.h">
      <Filter>File di intestazione</Filter>
    </ClInclude>
    <ClInclude Include="Alien.h">
      <Filter>File di intestazione</Filter>
    </ClInclude>
    <ClInclude Include="AlienGroup.h">
      <Filter>File di intestazione</Filter>
    </ClInclude>
    <ClInclude Include="pk\Random.h">
      <Filter>File di intestazione</Filter>
    </ClInclude>
    <ClInclude Include="ITeamDefiner.h">
      <Filter>File di intestazione</Filter>
    </ClInclude>
    <ClInclude Include="pk\IDamageable.h">
      <Filter>File di intestazione</Filter>
    </ClInclude>
  </ItemGroup>
  <ItemGroup>
    <None Include="Assets\Shaders\sprite.frag" />
    <None Include="Assets\Shaders\sprite.vert" />
    <None Include="Assets\Shaders\particle.frag" />
    <None Include="Assets\Shaders\particle.vert" />
    <None Include="Assets\Shaders\text.frag" />
    <None Include="Assets\Shaders\text.vert" />
    <None Include="Assets\Shaders\shape.frag" />
    <None Include="Assets\Shaders\shape.vert" />
  </ItemGroup>
</Project>