<?xml version="1.0" encoding="utf-8"?>
<Project ToolsVersion="4.0" xmlns="http://schemas.microsoft.com/developer/msbuild/2003">
  <ItemGroup>
    <Filter Include="File di origine">
      <UniqueIdentifier>{4FC737F1-C7A5-4376-A066-2A32D752A2FF}</UniqueIdentifier>
      <Extensions>cpp;c;cc;cxx;c++;cppm;ixx;def;odl;idl;hpj;bat;asm;asmx</Extensions>
    </Filter>
    <Filter Include="File di intestazione">
      <UniqueIdentifier>{93995380-89BD-4b04-88EB-625FBE52EBFB}</UniqueIdentifier>
      <Extensions>h;hh;hpp;hxx;h++;hm;inl;inc;ipp;xsd</Extensions>
    </Filter>
    <Filter Include="File di risorse">
      <UniqueIdentifier>{67DA6AB6-F800-4c08-8B7A-83BB121AAD01}</UniqueIdentifier>
      <Extensions>rc;ico;cur;bmp;dlg;rc2;rct;bin;rgs;gif;jpg;jpeg;jpe;resx;tiff;tif;png;wav;mfcribbon-ms</Extensions>
    </Filter>
  </ItemGroup>
  <ItemGroup>
    <ClCompile Include="main.cpp">
      <Filter>File di origine</Filter>
    </ClCompile>
    <ClCompile Include="glad.c">
      <Filter>File di origine</Filter>
    </ClCompile>
    <ClCompile Include="image_loader.cpp">
      <Filter>File di origine</Filter>
    </ClCompile>
    <ClCompile Include="Ship.cpp">
      <Filter>File di origine</Filter>
    </ClCompile>
    <ClCompile Include="Game.cpp">
      <Filter>File di origine</Filter>
    </ClCompile>
    <ClCompile Include="Projectile.cpp">
      <Filter>File di origine</Filter>
    </ClCompile>
    <ClCompile Include="ProjectilePool.cpp">
      <Filter>File di origine</Filter>
    </ClCompile>
    <ClCompile Include="Alien.cpp">
      <Filter>File di origine</Filter>
    </ClCompile>
    <ClCompile Include="AlienGroup.cpp">
      <Filter>File di origine</Filter>
    </ClCompile>
    <ClCompile Include="Secret.cpp">
      <Filter>File di origine</Filter>
    </ClCompile>
    <ClCompile Include="TeamComponent.cpp">
      <Filter>File di origine</Filter>
    </ClCompile>
    <ClCompile Include="Brick.cpp">
      <Filter>File di origine</Filter>
    </ClCompile>
    <ClCompile Include="Bunker.cpp">
      <Filter>File di origine</Filter>
    </ClCompile>
    <ClCompile Include="Hud.cpp">
      <Filter>File di origine</Filter>
    </ClCompile>
    <ClCompile Include="MainMenu.cpp">
      <Filter>File di origine</Filter>
    </ClCompile>
    <ClCompile Include="GameOver.cpp">
      <Filter>File di origine</Filter>
    </ClCompile>
    <ClCompile Include="Effects.cpp">
      <Filter>File di origine</Filter>
    </ClCompile>
    <ClCompile Include="GameSave.cpp">
      <Filter>File di origine</Filter>
    </ClCompile>
    <ClCompile Include="pk\Engine.cpp">
      <Filter>File di origine</Filter>
    </ClCompile>
    <ClCompile Include="pk\ui\Widget.cpp">
      <Filter>File di origine</Filter>
    </ClCompile>
    <ClCompile Include="pk\sound\RandomSound.cpp">
      <Filter>File di origine</Filter>
    </ClCompile>
    <ClCompile Include="pk\sound\SequenceSound.cpp">
      <Filter>File di origine</Filter>
    </ClCompile>
    <ClCompile Include="pk\sound\SimpleSound.cpp">
      <Filter>File di origine</Filter>
    </ClCompile>
    <ClCompile Include="pk\sound\SoundEngine.cpp">
      <Filter>File di origine</Filter>
    </ClCompile>
    <ClCompile Include="pk\core\world\Actor.cpp">
      <Filter>File di origine</Filter>
    </ClCompile>
    <ClCompile Include="pk\core\world\Component.cpp">
      <Filter>File di origine</Filter>
    </ClCompile>
    <ClCompile Include="pk\core\world\Scene.cpp">
      <Filter>File di origine</Filter>
    </ClCompile>
    <ClCompile Include="pk\core\window\Window.cpp">
      <Filter>File di origine</Filter>
    </ClCompile>
    <ClCompile Include="pk\core\vfx\Emitter.cpp">
      <Filter>File di origine</Filter>
    </ClCompile>
    <ClCompile Include="pk\core\utils\ClassSettings.cpp">
      <Filter>File di origine</Filter>
    </ClCompile>
    <ClCompile Include="pk\core\utils\ClassSettingsReader.cpp">
      <Filter>File di origine</Filter>
    </ClCompile>
    <ClCompile Include="pk\core\utils\Common.cpp">
      <Filter>File di origine</Filter>
    </ClCompile>
    <ClCompile Include="pk\core\utils\Random.cpp">
      <Filter>File di origine</Filter>
    </ClCompile>
    <ClCompile Include="pk\core\save\SaveSystem.cpp">
      <Filter>File di origine</Filter>
    </ClCompile>
    <ClCompile Include="pk\core\render\Renderer.cpp">
      <Filter>File di origine</Filter>
    </ClCompile>
    <ClCompile Include="pk\core\input\InputHandler.cpp">
      <Filter>File di origine</Filter>
    </ClCompile>
    <ClCompile Include="pk\core\asset\AssetManager.cpp">
      <Filter>File di origine</Filter>
    </ClCompile>
    <ClCompile Include="pk\core\asset\Font.cpp">
      <Filter>File di origine</Filter>
    </ClCompile>
    <ClCompile Include="pk\core\asset\Shader.cpp">
      <Filter>File di origine</Filter>
    </ClCompile>
    <ClCompile Include="pk\core\asset\Texture.cpp">
      <Filter>File di origine</Filter>
    </ClCompile>
  </ItemGroup>
  <ItemGroup>
    <ClInclude Include="Assets.h">
      <Filter>File di intestazione</Filter>
    </ClInclude>
    <ClInclude Include="Ship.h">
      <Filter>File di intestazione</Filter>
    </ClInclude>
    <ClInclude Include="Game.h">
      <Filter>File di intestazione</Filter>
    </ClInclude>
    <ClInclude Include="Projectile.h">
      <Filter>File di intestazione</Filter>
    </ClInclude>
    <ClInclude Include="Types.h">
      <Filter>File di intestazione</Filter>
    </ClInclude>
    <ClInclude Include="ProjectilePool.h">
      <Filter>File di intestazione</Filter>
    </ClInclude>
    <ClInclude Include="Alien.h">
      <Filter>File di intestazione</Filter>
    </ClInclude>
    <ClInclude Include="AlienGroup.h">
      <Filter>File di intestazione</Filter>
    </ClInclude>
    <ClInclude Include="Secret.h">
      <Filter>File di intestazione</Filter>
    </ClInclude>
    <ClInclude Include="TeamComponent.h">
      <Filter>File di intestazione</Filter>
    </ClInclude>
    <ClInclude Include="Brick.h">
      <Filter>File di intestazione</Filter>
    </ClInclude>
    <ClInclude Include="Bunker.h">
      <Filter>File di intestazione</Filter>
    </ClInclude>
    <ClInclude Include="Hud.h">
      <Filter>File di intestazione</Filter>
    </ClInclude>
    <ClInclude Include="MainMenu.h">
      <Filter>File di intestazione</Filter>
    </ClInclude>
    <ClInclude Include="GameOver.h">
      <Filter>File di intestazione</Filter>
    </ClInclude>
    <ClInclude Include="Effects.h">
      <Filter>File di intestazione</Filter>
    </ClInclude>
    <ClInclude Include="GameSave.h">
      <Filter>File di intestazione</Filter>
    </ClInclude>
    <ClInclude Include="pk\Engine.h">
      <Filter>File di intestazione</Filter>
    </ClInclude>
    <ClInclude Include="pk\ui\Widget.h">
      <Filter>File di intestazione</Filter>
    </ClInclude>
    <ClInclude Include="pk\sound\ISound.h">
      <Filter>File di intestazione</Filter>
    </ClInclude>
    <ClInclude Include="pk\sound\RandomSound.h">
      <Filter>File di intestazione</Filter>
    </ClInclude>
    <ClInclude Include="pk\sound\SequenceSound.h">
      <Filter>File di intestazione</Filter>
    </ClInclude>
    <ClInclude Include="pk\sound\SimpleSound.h">
      <Filter>File di intestazione</Filter>
    </ClInclude>
    <ClInclude Include="pk\sound\SoundEngine.h">
      <Filter>File di intestazione</Filter>
    </ClInclude>
    <ClInclude Include="pk\core\world\Actor.h">
      <Filter>File di intestazione</Filter>
    </ClInclude>
    <ClInclude Include="pk\core\world\Component.h">
      <Filter>File di intestazione</Filter>
    </ClInclude>
    <ClInclude Include="pk\core\world\Scene.h">
      <Filter>File di intestazione</Filter>
    </ClInclude>
    <ClInclude Include="pk\core\window\Window.h">
      <Filter>File di intestazione</Filter>
    </ClInclude>
    <ClInclude Include="pk\core\vfx\Emitter.h">
      <Filter>File di intestazione</Filter>
    </ClInclude>
    <ClInclude Include="pk\core\utils\ClassSettings.h">
      <Filter>File di intestazione</Filter>
    </ClInclude>
    <ClInclude Include="pk\core\utils\ClassSettingsReader.h">
      <Filter>File di intestazione</Filter>
    </ClInclude>
    <ClInclude Include="pk\core\utils\Common.h">
      <Filter>File di intestazione</Filter>
    </ClInclude>
    <ClInclude Include="pk\core\utils\Random.h">
      <Filter>File di intestazione</Filter>
    </ClInclude>
    <ClInclude Include="pk\core\save\ISaveFile.h">
      <Filter>File di intestazione</Filter>
    </ClInclude>
    <ClInclude Include="pk\core\save\SaveSystem.h">
      <Filter>File di intestazione</Filter>
    </ClInclude>
    <ClInclude Include="pk\core\render\Renderer.h">
      <Filter>File di intestazione</Filter>
    </ClInclude>
    <ClInclude Include="pk\core\interfaces\IDamageable.h">
      <Filter>File di intestazione</Filter>
    </ClInclude>
    <ClInclude Include="pk\core\input\InputHandler.h">
      <Filter>File di intestazione</Filter>
    </ClInclude>
    <ClInclude Include="pk\core\asset\AssetManager.h">
      <Filter>File di intestazione</Filter>
    </ClInclude>
    <ClInclude Include="pk\core\asset\Font.h">
      <Filter>File di intestazione</Filter>
    </ClInclude>
    <ClInclude Include="pk\core\asset\Shader.h">
      <Filter>File di intestazione</Filter>
    </ClInclude>
    <ClInclude Include="pk\core\asset\Texture.h">
      <Filter>File di intestazione</Filter>
    </ClInclude>
  </ItemGroup>
  <ItemGroup>
    <None Include="Assets\Shaders\sprite.frag" />
    <None Include="Assets\Shaders\sprite.vert" />
    <None Include="Assets\Shaders\particle_texture.frag" />
    <None Include="Assets\Shaders\particle.vert" />
    <None Include="Assets\Shaders\text.frag" />
    <None Include="Assets\Shaders\text.vert" />
    <None Include="Assets\Shaders\shape.frag" />
    <None Include="Assets\Shaders\shape.vert" />
    <None Include="Assets\Shaders\particle_shape.frag" />
    <None Include="Assets\Shaders\sprite_no_color.frag" />
  </ItemGroup>
  <ItemGroup>
    <Text Include="Assets\Config\a_secret.txt" />
    <Text Include="Assets\Config\alien_group.txt" />
    <Text Include="Assets\Config\alien_projectile.txt" />
    <Text Include="Assets\Config\bunker.txt" />
    <Text Include="Assets\Config\crab.txt" />
    <Text Include="Assets\Config\game.txt" />
    <Text Include="Assets\Config\octopus.txt" />
    <Text Include="Assets\Config\player.txt" />
    <Text Include="Assets\Config\player_projectile.txt" />
    <Text Include="Assets\Config\squid.txt" />
    <Text Include="Assets\Config\window.txt" />
    <Text Include="Assets\Config\bonus.txt" />
  </ItemGroup>
  <ItemGroup>
    <Font Include="Assets\Fonts\Jersey10-Regular.ttf" />
  </ItemGroup>
</Project>